
Microsoft Visual Studio Solution File, Format Version 12.00
# Visual Studio Version 17
VisualStudioVersion = 17.8.34309.116
MinimumVisualStudioVersion = 10.0.40219.1
Project("{9A19103F-16F7-4668-BE54-9A1E7A4F7556}") = "FLGX.Examples.BasicWindow", "FLGX.Examples.BasicWindow\FLGX.Examples.BasicWindow.csproj", "{679E63B4-8DE5-41D2-A7AC-457414AD86D7}"
EndProject
Project("{9A19103F-16F7-4668-BE54-9A1E7A4F7556}") = "FLGX.Examples.RedTriangle", "FLGX.Examples.RedTriangle\FLGX.Examples.RedTriangle.csproj", "{7A26436B-A7E9-44A4-B5F9-5E1E019D380E}"
EndProject
Project("{9A19103F-16F7-4668-BE54-9A1E7A4F7556}") = "FLGX.Examples.ModelLoading", "FLGX.Examples.ModelLoading\FLGX.Examples.ModelLoading.csproj", "{93AEF7CA-724B-4907-BD08-331656B2E43A}"
EndProject
Project("{9A19103F-16F7-4668-BE54-9A1E7A4F7556}") = "FLGX", "..\FLGX\FLGX.csproj", "{521B23E5-10A1-4E6A-B63A-3CB3F7B78ECE}"
EndProject
Project("{9A19103F-16F7-4668-BE54-9A1E7A4F7556}") = "FLUX", "..\FLUX\FLUX.csproj", "{15BB1E44-25AB-459B-8A14-972292AAC45C}"
EndProject
Project("{FAE04EC0-301F-11D3-BF4B-00C04F79EFBC}") = "FLGX.Examples.Direct3D11.RedTriangle", "FLGX.Examples.Direct3D11.RedTriangle\FLGX.Examples.Direct3D11.RedTriangle.csproj", "{B2B9C4BF-1ECD-40A3-819D-C04043D6A836}"
EndProject
Global
	GlobalSection(SolutionConfigurationPlatforms) = preSolution
		Debug|Any CPU = Debug|Any CPU
		Release|Any CPU = Release|Any CPU
	EndGlobalSection
	GlobalSection(ProjectConfigurationPlatforms) = postSolution
		{679E63B4-8DE5-41D2-A7AC-457414AD86D7}.Debug|Any CPU.ActiveCfg = Debug|Any CPU
		{679E63B4-8DE5-41D2-A7AC-457414AD86D7}.Debug|Any CPU.Build.0 = Debug|Any CPU
		{679E63B4-8DE5-41D2-A7AC-457414AD86D7}.Release|Any CPU.ActiveCfg = Release|Any CPU
		{679E63B4-8DE5-41D2-A7AC-457414AD86D7}.Release|Any CPU.Build.0 = Release|Any CPU
		{7A26436B-A7E9-44A4-B5F9-5E1E019D380E}.Debug|Any CPU.ActiveCfg = Debug|Any CPU
		{7A26436B-A7E9-44A4-B5F9-5E1E019D380E}.Debug|Any CPU.Build.0 = Debug|Any CPU
		{7A26436B-A7E9-44A4-B5F9-5E1E019D380E}.Release|Any CPU.ActiveCfg = Release|Any CPU
		{7A26436B-A7E9-44A4-B5F9-5E1E019D380E}.Release|Any CPU.Build.0 = Release|Any CPU
		{93AEF7CA-724B-4907-BD08-331656B2E43A}.Debug|Any CPU.ActiveCfg = Debug|Any CPU
		{93AEF7CA-724B-4907-BD08-331656B2E43A}.Debug|Any CPU.Build.0 = Debug|Any CPU
		{93AEF7CA-724B-4907-BD08-331656B2E43A}.Release|Any CPU.ActiveCfg = Release|Any CPU
		{93AEF7CA-724B-4907-BD08-331656B2E43A}.Release|Any CPU.Build.0 = Release|Any CPU
		{521B23E5-10A1-4E6A-B63A-3CB3F7B78ECE}.Debug|Any CPU.ActiveCfg = Debug|Any CPU
		{521B23E5-10A1-4E6A-B63A-3CB3F7B78ECE}.Debug|Any CPU.Build.0 = Debug|Any CPU
		{521B23E5-10A1-4E6A-B63A-3CB3F7B78ECE}.Release|Any CPU.ActiveCfg = Release|Any CPU
		{521B23E5-10A1-4E6A-B63A-3CB3F7B78ECE}.Release|Any CPU.Build.0 = Release|Any CPU
		{15BB1E44-25AB-459B-8A14-972292AAC45C}.Debug|Any CPU.ActiveCfg = Debug|Any CPU
		{15BB1E44-25AB-459B-8A14-972292AAC45C}.Debug|Any CPU.Build.0 = Debug|Any CPU
		{15BB1E44-25AB-459B-8A14-972292AAC45C}.Release|Any CPU.ActiveCfg = Release|Any CPU
		{15BB1E44-25AB-459B-8A14-972292AAC45C}.Release|Any CPU.Build.0 = Release|Any CPU
		{B2B9C4BF-1ECD-40A3-819D-C04043D6A836}.Debug|Any CPU.ActiveCfg = Debug|Any CPU
		{B2B9C4BF-1ECD-40A3-819D-C04043D6A836}.Debug|Any CPU.Build.0 = Debug|Any CPU
		{B2B9C4BF-1ECD-40A3-819D-C04043D6A836}.Release|Any CPU.ActiveCfg = Release|Any CPU
		{B2B9C4BF-1ECD-40A3-819D-C04043D6A836}.Release|Any CPU.Build.0 = Release|Any CPU
	EndGlobalSection
	GlobalSection(SolutionProperties) = preSolution
		HideSolutionNode = FALSE
	EndGlobalSection
	GlobalSection(ExtensibilityGlobals) = postSolution
		SolutionGuid = {9FF9F66F-8041-4CA7-B2FF-75E373B024FE}
	EndGlobalSection
EndGlobal
